
Microsoft Visual Studio Solution File, Format Version 12.00
# Visual Studio Version 17
VisualStudioVersion = 17.14.36623.8 d17.14
MinimumVisualStudioVersion = 10.0.40219.1
Project("{FAE04EC0-301F-11D3-BF4B-00C04F79EFBC}") = "Textual Data with Strings", "Textual Data with Strings.csproj", "{8C3E1F39-99EF-4EDF-9642-718C40C407C2}"
EndProject
Global
	GlobalSection(SolutionConfigurationPlatforms) = preSolution
		Debug|Any CPU = Debug|Any CPU
		Release|Any CPU = Release|Any CPU
	EndGlobalSection
	GlobalSection(ProjectConfigurationPlatforms) = postSolution
		{8C3E1F39-99EF-4EDF-9642-718C40C407C2}.Debug|Any CPU.ActiveCfg = Debug|Any CPU
		{8C3E1F39-99EF-4EDF-9642-718C40C407C2}.Debug|Any CPU.Build.0 = Debug|Any CPU
		{8C3E1F39-99EF-4EDF-9642-718C40C407C2}.Release|Any CPU.ActiveCfg = Release|Any CPU
		{8C3E1F39-99EF-4EDF-9642-718C40C407C2}.Release|Any CPU.Build.0 = Release|Any CPU
	EndGlobalSection
	GlobalSection(SolutionProperties) = preSolution
		HideSolutionNode = FALSE
	EndGlobalSection
	GlobalSection(ExtensibilityGlobals) = postSolution
		SolutionGuid = {3CA4E30A-C3DA-49F2-B786-37452C927C0A}
	EndGlobalSection
EndGlobal
